
Microsoft Visual Studio Solution File, Format Version 12.00
# Visual Studio Version 16
VisualStudioVersion = 16.0.29613.14
MinimumVisualStudioVersion = 10.0.40219.1
Project("{FAE04EC0-301F-11D3-BF4B-00C04F79EFBC}") = "MirrorWordWEB", "MirrorWordWEB\MirrorWordWEB.csproj", "{8269789A-D8D6-4A5A-B542-E1ED85FB388D}"
EndProject
Project("{FAE04EC0-301F-11D3-BF4B-00C04F79EFBC}") = "MirrorWordDAL", "MirrorWordDAL\MirrorWordDAL.csproj", "{3D92FB31-1072-460A-9D7A-6AD63E648615}"
	ProjectSection(ProjectDependencies) = postProject
		{48F53572-46D4-4E50-B467-67A783744CCC} = {48F53572-46D4-4E50-B467-67A783744CCC}
	EndProjectSection
EndProject
Project("{FAE04EC0-301F-11D3-BF4B-00C04F79EFBC}") = "MirrorWordBLL", "MirrorWordBLL\MirrorWordBLL.csproj", "{48F53572-46D4-4E50-B467-67A783744CCC}"
EndProject
Global
	GlobalSection(SolutionConfigurationPlatforms) = preSolution
		Debug|Any CPU = Debug|Any CPU
		Release|Any CPU = Release|Any CPU
	EndGlobalSection
	GlobalSection(ProjectConfigurationPlatforms) = postSolution
		{8269789A-D8D6-4A5A-B542-E1ED85FB388D}.Debug|Any CPU.ActiveCfg = Debug|Any CPU
		{8269789A-D8D6-4A5A-B542-E1ED85FB388D}.Debug|Any CPU.Build.0 = Debug|Any CPU
		{8269789A-D8D6-4A5A-B542-E1ED85FB388D}.Release|Any CPU.ActiveCfg = Release|Any CPU
		{8269789A-D8D6-4A5A-B542-E1ED85FB388D}.Release|Any CPU.Build.0 = Release|Any CPU
		{3D92FB31-1072-460A-9D7A-6AD63E648615}.Debug|Any CPU.ActiveCfg = Debug|Any CPU
		{3D92FB31-1072-460A-9D7A-6AD63E648615}.Debug|Any CPU.Build.0 = Debug|Any CPU
		{3D92FB31-1072-460A-9D7A-6AD63E648615}.Release|Any CPU.ActiveCfg = Release|Any CPU
		{3D92FB31-1072-460A-9D7A-6AD63E648615}.Release|Any CPU.Build.0 = Release|Any CPU
		{48F53572-46D4-4E50-B467-67A783744CCC}.Debug|Any CPU.ActiveCfg = Debug|Any CPU
		{48F53572-46D4-4E50-B467-67A783744CCC}.Debug|Any CPU.Build.0 = Debug|Any CPU
		{48F53572-46D4-4E50-B467-67A783744CCC}.Release|Any CPU.ActiveCfg = Release|Any CPU
		{48F53572-46D4-4E50-B467-67A783744CCC}.Release|Any CPU.Build.0 = Release|Any CPU
	EndGlobalSection
	GlobalSection(SolutionProperties) = preSolution
		HideSolutionNode = FALSE
	EndGlobalSection
	GlobalSection(ExtensibilityGlobals) = postSolution
		SolutionGuid = {DDF6699C-F930-4D67-A6AD-F65CE69B7F6C}
	EndGlobalSection
EndGlobal
